
Microsoft Visual Studio Solution File, Format Version 12.00
# Visual Studio Version 17
VisualStudioVersion = 17.4.33213.308
MinimumVisualStudioVersion = 10.0.40219.1
Project("{FAE04EC0-301F-11D3-BF4B-00C04F79EFBC}") = "Kashif Ghias Life", "Kashif Ghias Life\Kashif Ghias Life.csproj", "{823A02B1-0B6D-459D-B88C-ECCB734890C7}"
EndProject
Global
	GlobalSection(SolutionConfigurationPlatforms) = preSolution
		Debug|Any CPU = Debug|Any CPU
		Release|Any CPU = Release|Any CPU
	EndGlobalSection
	GlobalSection(ProjectConfigurationPlatforms) = postSolution
		{823A02B1-0B6D-459D-B88C-ECCB734890C7}.Debug|Any CPU.ActiveCfg = Debug|Any CPU
		{823A02B1-0B6D-459D-B88C-ECCB734890C7}.Debug|Any CPU.Build.0 = Debug|Any CPU
		{823A02B1-0B6D-459D-B88C-ECCB734890C7}.Release|Any CPU.ActiveCfg = Release|Any CPU
		{823A02B1-0B6D-459D-B88C-ECCB734890C7}.Release|Any CPU.Build.0 = Release|Any CPU
	EndGlobalSection
	GlobalSection(SolutionProperties) = preSolution
		HideSolutionNode = FALSE
	EndGlobalSection
	GlobalSection(ExtensibilityGlobals) = postSolution
		SolutionGuid = {4098D97B-24BB-4CEA-A967-0624F5518591}
	EndGlobalSection
EndGlobal
